
Microsoft Visual Studio Solution File, Format Version 12.00
# Visual Studio Version 17
VisualStudioVersion = 17.10.35013.160
MinimumVisualStudioVersion = 10.0.40219.1
Project("{FAE04EC0-301F-11D3-BF4B-00C04F79EFBC}") = "ExampleMinimal", "ExampleMinimal\ExampleMinimal.csproj", "{F47A603B-C881-4206-B827-EC97DC158FD6}"
EndProject
Global
	GlobalSection(SolutionConfigurationPlatforms) = preSolution
		Debug|Any CPU = Debug|Any CPU
		Release|Any CPU = Release|Any CPU
	EndGlobalSection
	GlobalSection(ProjectConfigurationPlatforms) = postSolution
		{F47A603B-C881-4206-B827-EC97DC158FD6}.Debug|Any CPU.ActiveCfg = Debug|Any CPU
		{F47A603B-C881-4206-B827-EC97DC158FD6}.Debug|Any CPU.Build.0 = Debug|Any CPU
		{F47A603B-C881-4206-B827-EC97DC158FD6}.Release|Any CPU.ActiveCfg = Release|Any CPU
		{F47A603B-C881-4206-B827-EC97DC158FD6}.Release|Any CPU.Build.0 = Release|Any CPU
	EndGlobalSection
	GlobalSection(SolutionProperties) = preSolution
		HideSolutionNode = FALSE
	EndGlobalSection
	GlobalSection(ExtensibilityGlobals) = postSolution
		SolutionGuid = {0202C67D-331A-4B82-B01B-25B82E753F36}
	EndGlobalSection
EndGlobal
