
Microsoft Visual Studio Solution File, Format Version 12.00
Project("{FAE04EC0-301F-11D3-BF4B-00C04F79EFBC}") = "TestUtility", "TestUtility\TestUtility.csproj", "{CFDCD961-6426-4951-8E13-50CA979070CC}"
EndProject
Global
	GlobalSection(SolutionConfigurationPlatforms) = preSolution
		Debug|Any CPU = Debug|Any CPU
		Release|Any CPU = Release|Any CPU
	EndGlobalSection
	GlobalSection(ProjectConfigurationPlatforms) = postSolution
		{CFDCD961-6426-4951-8E13-50CA979070CC}.Debug|Any CPU.ActiveCfg = Debug|Any CPU
		{CFDCD961-6426-4951-8E13-50CA979070CC}.Debug|Any CPU.Build.0 = Debug|Any CPU
		{CFDCD961-6426-4951-8E13-50CA979070CC}.Release|Any CPU.ActiveCfg = Release|Any CPU
		{CFDCD961-6426-4951-8E13-50CA979070CC}.Release|Any CPU.Build.0 = Release|Any CPU
	EndGlobalSection
EndGlobal
